
Microsoft Visual Studio Solution File, Format Version 12.00
# Visual Studio Version 17
VisualStudioVersion = 17.4.33213.308
MinimumVisualStudioVersion = 10.0.40219.1
Project("{FAE04EC0-301F-11D3-BF4B-00C04F79EFBC}") = "GameCatalog", "GameCatalog\GameCatalog.csproj", "{417C6EB8-0CF5-4649-BD7C-60ED84407E58}"
EndProject
Global
	GlobalSection(SolutionConfigurationPlatforms) = preSolution
		Debug|Any CPU = Debug|Any CPU
		Release|Any CPU = Release|Any CPU
	EndGlobalSection
	GlobalSection(ProjectConfigurationPlatforms) = postSolution
		{417C6EB8-0CF5-4649-BD7C-60ED84407E58}.Debug|Any CPU.ActiveCfg = Debug|Any CPU
		{417C6EB8-0CF5-4649-BD7C-60ED84407E58}.Debug|Any CPU.Build.0 = Debug|Any CPU
		{417C6EB8-0CF5-4649-BD7C-60ED84407E58}.Release|Any CPU.ActiveCfg = Release|Any CPU
		{417C6EB8-0CF5-4649-BD7C-60ED84407E58}.Release|Any CPU.Build.0 = Release|Any CPU
	EndGlobalSection
	GlobalSection(SolutionProperties) = preSolution
		HideSolutionNode = FALSE
	EndGlobalSection
	GlobalSection(ExtensibilityGlobals) = postSolution
		SolutionGuid = {AB074436-0A94-433C-8610-D12D6AA0B071}
	EndGlobalSection
EndGlobal
